// !$*UTF8*$!
{
	archiveVersion = 1;
	classes = {
	};
	objectVersion = 50;
	objects = {

/* Begin PBXBuildFile section */
		D034A52225EB306500F7ED27 /* AppDelegate.swift in Sources */ = {isa = PBXBuildFile; fileRef = D034A52125EB306500F7ED27 /* AppDelegate.swift */; };
		D034A52425EB306500F7ED27 /* SceneDelegate.swift in Sources */ = {isa = PBXBuildFile; fileRef = D034A52325EB306500F7ED27 /* SceneDelegate.swift */; };
		D034A52625EB306500F7ED27 /* ViewController.swift in Sources */ = {isa = PBXBuildFile; fileRef = D034A52525EB306500F7ED27 /* ViewController.swift */; };
		D034A52925EB306500F7ED27 /* Main.storyboard in Resources */ = {isa = PBXBuildFile; fileRef = D034A52725EB306500F7ED27 /* Main.storyboard */; };
		D034A52B25EB306900F7ED27 /* Assets.xcassets in Resources */ = {isa = PBXBuildFile; fileRef = D034A52A25EB306900F7ED27 /* Assets.xcassets */; };
		D034A52E25EB306900F7ED27 /* LaunchScreen.storyboard in Resources */ = {isa = PBXBuildFile; fileRef = D034A52C25EB306900F7ED27 /* LaunchScreen.storyboard */; };
		D034A53925EB306A00F7ED27 /* LeilaoTests.swift in Sources */ = {isa = PBXBuildFile; fileRef = D034A53825EB306A00F7ED27 /* LeilaoTests.swift */; };
		D034A54425EB306A00F7ED27 /* LeilaoUITests.swift in Sources */ = {isa = PBXBuildFile; fileRef = D034A54325EB306A00F7ED27 /* LeilaoUITests.swift */; };
/* End PBXBuildFile section */

/* Begin PBXContainerItemProxy section */
		D034A53525EB306A00F7ED27 /* PBXContainerItemProxy */ = {
			isa = PBXContainerItemProxy;
			containerPortal = D034A51625EB306500F7ED27 /* Project object */;
			proxyType = 1;
			remoteGlobalIDString = D034A51D25EB306500F7ED27;
			remoteInfo = Leilao;
		};
		D034A54025EB306A00F7ED27 /* PBXContainerItemProxy */ = {
			isa = PBXContainerItemProxy;
			containerPortal = D034A51625EB306500F7ED27 /* Project object */;
			proxyType = 1;
			remoteGlobalIDString = D034A51D25EB306500F7ED27;
			remoteInfo = Leilao;
		};
/* End PBXContainerItemProxy section */

/* Begin PBXFileReference section */
		D034A51E25EB306500F7ED27 /* Leilao.app */ = {isa = PBXFileReference; explicitFileType = wrapper.application; includeInIndex = 0; path = Leilao.app; sourceTree = BUILT_PRODUCTS_DIR; };
		D034A52125EB306500F7ED27 /* AppDelegate.swift */ = {isa = PBXFileReference; lastKnownFileType = sourcecode.swift; path = AppDelegate.swift; sourceTree = "<group>"; };
		D034A52325EB306500F7ED27 /* SceneDelegate.swift */ = {isa = PBXFileReference; lastKnownFileType = sourcecode.swift; path = SceneDelegate.swift; sourceTree = "<group>"; };
		D034A52525EB306500F7ED27 /* ViewController.swift */ = {isa = PBXFileReference; lastKnownFileType = sourcecode.swift; path = ViewController.swift; sourceTree = "<group>"; };
		D034A52825EB306500F7ED27 /* Base */ = {isa = PBXFileReference; lastKnownFileType = file.storyboard; name = Base; path = Base.lproj/Main.storyboard; sourceTree = "<group>"; };
		D034A52A25EB306900F7ED27 /* Assets.xcassets */ = {isa = PBXFileReference; lastKnownFileType = folder.assetcatalog; path = Assets.xcassets; sourceTree = "<group>"; };
		D034A52D25EB306900F7ED27 /* Base */ = {isa = PBXFileReference; lastKnownFileType = file.storyboard; name = Base; path = Base.lproj/LaunchScreen.storyboard; sourceTree = "<group>"; };
		D034A52F25EB306900F7ED27 /* Info.plist */ = {isa = PBXFileReference; lastKnownFileType = text.plist.xml; path = Info.plist; sourceTree = "<group>"; };
		D034A53425EB306A00F7ED27 /* LeilaoTests.xctest */ = {isa = PBXFileReference; explicitFileType = wrapper.cfbundle; includeInIndex = 0; path = LeilaoTests.xctest; sourceTree = BUILT_PRODUCTS_DIR; };
		D034A53825EB306A00F7ED27 /* LeilaoTests.swift */ = {isa = PBXFileReference; lastKnownFileType = sourcecode.swift; path = LeilaoTests.swift; sourceTree = "<group>"; };
		D034A53A25EB306A00F7ED27 /* Info.plist */ = {isa = PBXFileReference; lastKnownFileType = text.plist.xml; path = Info.plist; sourceTree = "<group>"; };
		D034A53F25EB306A00F7ED27 /* LeilaoUITests.xctest */ = {isa = PBXFileReference; explicitFileType = wrapper.cfbundle; includeInIndex = 0; path = LeilaoUITests.xctest; sourceTree = BUILT_PRODUCTS_DIR; };
		D034A54325EB306A00F7ED27 /* LeilaoUITests.swift */ = {isa = PBXFileReference; lastKnownFileType = sourcecode.swift; path = LeilaoUITests.swift; sourceTree = "<group>"; };
		D034A54525EB306A00F7ED27 /* Info.plist */ = {isa = PBXFileReference; lastKnownFileType = text.plist.xml; path = Info.plist; sourceTree = "<group>"; };
/* End PBXFileReference section */

/* Begin PBXFrameworksBuildPhase section */
		D034A51B25EB306500F7ED27 /* Frameworks */ = {
			isa = PBXFrameworksBuildPhase;
			buildActionMask = 2147483647;
			files = (
			);
			runOnlyForDeploymentPostprocessing = 0;
		};
		D034A53125EB306A00F7ED27 /* Frameworks */ = {
			isa = PBXFrameworksBuildPhase;
			buildActionMask = 2147483647;
			files = (
			);
			runOnlyForDeploymentPostprocessing = 0;
		};
		D034A53C25EB306A00F7ED27 /* Frameworks */ = {
			isa = PBXFrameworksBuildPhase;
			buildActionMask = 2147483647;
			files = (
			);
			runOnlyForDeploymentPostprocessing = 0;
		};
/* End PBXFrameworksBuildPhase section */

/* Begin PBXGroup section */
		D034A51525EB306500F7ED27 = {
			isa = PBXGroup;
			children = (
				D034A52025EB306500F7ED27 /* Leilao */,
				D034A53725EB306A00F7ED27 /* LeilaoTests */,
				D034A54225EB306A00F7ED27 /* LeilaoUITests */,
				D034A51F25EB306500F7ED27 /* Products */,
			);
			sourceTree = "<group>";
		};
		D034A51F25EB306500F7ED27 /* Products */ = {
			isa = PBXGroup;
			children = (
				D034A51E25EB306500F7ED27 /* Leilao.app */,
				D034A53425EB306A00F7ED27 /* LeilaoTests.xctest */,
				D034A53F25EB306A00F7ED27 /* LeilaoUITests.xctest */,
			);
			name = Products;
			sourceTree = "<group>";
		};
		D034A52025EB306500F7ED27 /* Leilao */ = {
			isa = PBXGroup;
			children = (
				D034A52125EB306500F7ED27 /* AppDelegate.swift */,
				D034A52325EB306500F7ED27 /* SceneDelegate.swift */,
				D034A52525EB306500F7ED27 /* ViewController.swift */,
				D034A52725EB306500F7ED27 /* Main.storyboard */,
				D034A52A25EB306900F7ED27 /* Assets.xcassets */,
				D034A52C25EB306900F7ED27 /* LaunchScreen.storyboard */,
				D034A52F25EB306900F7ED27 /* Info.plist */,
			);
			path = Leilao;
			sourceTree = "<group>";
		};
		D034A53725EB306A00F7ED27 /* LeilaoTests */ = {
			isa = PBXGroup;
			children = (
				D034A53825EB306A00F7ED27 /* LeilaoTests.swift */,
				D034A53A25EB306A00F7ED27 /* Info.plist */,
			);
			path = LeilaoTests;
			sourceTree = "<group>";
		};
		D034A54225EB306A00F7ED27 /* LeilaoUITests */ = {
			isa = PBXGroup;
			children = (
				D034A54325EB306A00F7ED27 /* LeilaoUITests.swift */,
				D034A54525EB306A00F7ED27 /* Info.plist */,
			);
			path = LeilaoUITests;
			sourceTree = "<group>";
		};
/* End PBXGroup section */

/* Begin PBXNativeTarget section */
		D034A51D25EB306500F7ED27 /* Leilao */ = {
			isa = PBXNativeTarget;
			buildConfigurationList = D034A54825EB306A00F7ED27 /* Build configuration list for PBXNativeTarget "Leilao" */;
			buildPhases = (
				D034A51A25EB306500F7ED27 /* Sources */,
				D034A51B25EB306500F7ED27 /* Frameworks */,
				D034A51C25EB306500F7ED27 /* Resources */,
			);
			buildRules = (
			);
			dependencies = (
			);
			name = Leilao;
			productName = Leilao;
			productReference = D034A51E25EB306500F7ED27 /* Leilao.app */;
			productType = "com.apple.product-type.application";
		};
		D034A53325EB306A00F7ED27 /* LeilaoTests */ = {
			isa = PBXNativeTarget;
			buildConfigurationList = D034A54B25EB306A00F7ED27 /* Build configuration list for PBXNativeTarget "LeilaoTests" */;
			buildPhases = (
				D034A53025EB306A00F7ED27 /* Sources */,
				D034A53125EB306A00F7ED27 /* Frameworks */,
				D034A53225EB306A00F7ED27 /* Resources */,
			);
			buildRules = (
			);
			dependencies = (
				D034A53625EB306A00F7ED27 /* PBXTargetDependency */,
			);
			name = LeilaoTests;
			productName = LeilaoTests;
			productReference = D034A53425EB306A00F7ED27 /* LeilaoTests.xctest */;
			productType = "com.apple.product-type.bundle.unit-test";
		};
		D034A53E25EB306A00F7ED27 /* LeilaoUITests */ = {
			isa = PBXNativeTarget;
			buildConfigurationList = D034A54E25EB306A00F7ED27 /* Build configuration list for PBXNativeTarget "LeilaoUITests" */;
			buildPhases = (
				D034A53B25EB306A00F7ED27 /* Sources */,
				D034A53C25EB306A00F7ED27 /* Frameworks */,
				D034A53D25EB306A00F7ED27 /* Resources */,
			);
			buildRules = (
			);
			dependencies = (
				D034A54125EB306A00F7ED27 /* PBXTargetDependency */,
			);
			name = LeilaoUITests;
			productName = LeilaoUITests;
			productReference = D034A53F25EB306A00F7ED27 /* LeilaoUITests.xctest */;
			productType = "com.apple.product-type.bundle.ui-testing";
		};
/* End PBXNativeTarget section */

/* Begin PBXProject section */
		D034A51625EB306500F7ED27 /* Project object */ = {
			isa = PBXProject;
			attributes = {
				LastSwiftUpdateCheck = 1230;
				LastUpgradeCheck = 1230;
				TargetAttributes = {
					D034A51D25EB306500F7ED27 = {
						CreatedOnToolsVersion = 12.3;
					};
					D034A53325EB306A00F7ED27 = {
						CreatedOnToolsVersion = 12.3;
						TestTargetID = D034A51D25EB306500F7ED27;
					};
					D034A53E25EB306A00F7ED27 = {
						CreatedOnToolsVersion = 12.3;
						TestTargetID = D034A51D25EB306500F7ED27;
					};
				};
			};
			buildConfigurationList = D034A51925EB306500F7ED27 /* Build configuration list for PBXProject "Leilao" */;
			compatibilityVersion = "Xcode 9.3";
			developmentRegion = en;
			hasScannedForEncodings = 0;
			knownRegions = (
				en,
				Base,
			);
			mainGroup = D034A51525EB306500F7ED27;
			productRefGroup = D034A51F25EB306500F7ED27 /* Products */;
			projectDirPath = "";
			projectRoot = "";
			targets = (
				D034A51D25EB306500F7ED27 /* Leilao */,
				D034A53325EB306A00F7ED27 /* LeilaoTests */,
				D034A53E25EB306A00F7ED27 /* LeilaoUITests */,
			);
		};
/* End PBXProject section */

/* Begin PBXResourcesBuildPhase section */
		D034A51C25EB306500F7ED27 /* Resources */ = {
			isa = PBXResourcesBuildPhase;
			buildActionMask = 2147483647;
			files = (
				D034A52E25EB306900F7ED27 /* LaunchScreen.storyboard in Resources */,
				D034A52B25EB306900F7ED27 /* Assets.xcassets in Resources */,
				D034A52925EB306500F7ED27 /* Main.storyboard in Resources */,
			);
			runOnlyForDeploymentPostprocessing = 0;
		};
		D034A53225EB306A00F7ED27 /* Resources */ = {
			isa = PBXResourcesBuildPhase;
			buildActionMask = 2147483647;
			files = (
			);
			runOnlyForDeploymentPostprocessing = 0;
		};
		D034A53D25EB306A00F7ED27 /* Resources */ = {
			isa = PBXResourcesBuildPhase;
			buildActionMask = 2147483647;
			files = (
			);
			runOnlyForDeploymentPostprocessing = 0;
		};
/* End PBXResourcesBuildPhase section */

/* Begin PBXSourcesBuildPhase section */
		D034A51A25EB306500F7ED27 /* Sources */ = {
			isa = PBXSourcesBuildPhase;
			buildActionMask = 2147483647;
			files = (
				D034A52625EB306500F7ED27 /* ViewController.swift in Sources */,
				D034A52225EB306500F7ED27 /* AppDelegate.swift in Sources */,
				D034A52425EB306500F7ED27 /* SceneDelegate.swift in Sources */,
			);
			runOnlyForDeploymentPostprocessing = 0;
		};
		D034A53025EB306A00F7ED27 /* Sources */ = {
			isa = PBXSourcesBuildPhase;
			buildActionMask = 2147483647;
			files = (
				D034A53925EB306A00F7ED27 /* LeilaoTests.swift in Sources */,
			);
			runOnlyForDeploymentPostprocessing = 0;
		};
		D034A53B25EB306A00F7ED27 /* Sources */ = {
			isa = PBXSourcesBuildPhase;
			buildActionMask = 2147483647;
			files = (
				D034A54425EB306A00F7ED27 /* LeilaoUITests.swift in Sources */,
			);
			runOnlyForDeploymentPostprocessing = 0;
		};
/* End PBXSourcesBuildPhase section */

/* Begin PBXTargetDependency section */
		D034A53625EB306A00F7ED27 /* PBXTargetDependency */ = {
			isa = PBXTargetDependency;
			target = D034A51D25EB306500F7ED27 /* Leilao */;
			targetProxy = D034A53525EB306A00F7ED27 /* PBXContainerItemProxy */;
		};
		D034A54125EB306A00F7ED27 /* PBXTargetDependency */ = {
			isa = PBXTargetDependency;
			target = D034A51D25EB306500F7ED27 /* Leilao */;
			targetProxy = D034A54025EB306A00F7ED27 /* PBXContainerItemProxy */;
		};
/* End PBXTargetDependency section */

/* Begin PBXVariantGroup section */
		D034A52725EB306500F7ED27 /* Main.storyboard */ = {
			isa = PBXVariantGroup;
			children = (
				D034A52825EB306500F7ED27 /* Base */,
			);
			name = Main.storyboard;
			sourceTree = "<group>";
		};
		D034A52C25EB306900F7ED27 /* LaunchScreen.storyboard */ = {
			isa = PBXVariantGroup;
			children = (
				D034A52D25EB306900F7ED27 /* Base */,
			);
			name = LaunchScreen.storyboard;
			sourceTree = "<group>";
		};
/* End PBXVariantGroup section */

/* Begin XCBuildConfiguration section */
		D034A54625EB306A00F7ED27 /* Debug */ = {
			isa = XCBuildConfiguration;
			buildSettings = {
				ALWAYS_SEARCH_USER_PATHS = NO;
				CLANG_ANALYZER_NONNULL = YES;
				CLANG_ANALYZER_NUMBER_OBJECT_CONVERSION = YES_AGGRESSIVE;
				CLANG_CXX_LANGUAGE_STANDARD = "gnu++14";
				CLANG_CXX_LIBRARY = "libc++";
				CLANG_ENABLE_MODULES = YES;
				CLANG_ENABLE_OBJC_ARC = YES;
				CLANG_ENABLE_OBJC_WEAK = YES;
				CLANG_WARN_BLOCK_CAPTURE_AUTORELEASING = YES;
				CLANG_WARN_BOOL_CONVERSION = YES;
				CLANG_WARN_COMMA = YES;
				CLANG_WARN_CONSTANT_CONVERSION = YES;
				CLANG_WARN_DEPRECATED_OBJC_IMPLEMENTATIONS = YES;
				CLANG_WARN_DIRECT_OBJC_ISA_USAGE = YES_ERROR;
				CLANG_WARN_DOCUMENTATION_COMMENTS = YES;
				CLANG_WARN_EMPTY_BODY = YES;
				CLANG_WARN_ENUM_CONVERSION = YES;
				CLANG_WARN_INFINITE_RECURSION = YES;
				CLANG_WARN_INT_CONVERSION = YES;
				CLANG_WARN_NON_LITERAL_NULL_CONVERSION = YES;
				CLANG_WARN_OBJC_IMPLICIT_RETAIN_SELF = YES;
				CLANG_WARN_OBJC_LITERAL_CONVERSION = YES;
				CLANG_WARN_OBJC_ROOT_CLASS = YES_ERROR;
				CLANG_WARN_QUOTED_INCLUDE_IN_FRAMEWORK_HEADER = YES;
				CLANG_WARN_RANGE_LOOP_ANALYSIS = YES;
				CLANG_WARN_STRICT_PROTOTYPES = YES;
				CLANG_WARN_SUSPICIOUS_MOVE = YES;
				CLANG_WARN_UNGUARDED_AVAILABILITY = YES_AGGRESSIVE;
				CLANG_WARN_UNREACHABLE_CODE = YES;
				CLANG_WARN__DUPLICATE_METHOD_MATCH = YES;
				COPY_PHASE_STRIP = NO;
				DEBUG_INFORMATION_FORMAT = dwarf;
				ENABLE_STRICT_OBJC_MSGSEND = YES;
				ENABLE_TESTABILITY = YES;
				GCC_C_LANGUAGE_STANDARD = gnu11;
				GCC_DYNAMIC_NO_PIC = NO;
				GCC_NO_COMMON_BLOCKS = YES;
				GCC_OPTIMIZATION_LEVEL = 0;
				GCC_PREPROCESSOR_DEFINITIONS = (
					"DEBUG=1",
					"$(inherited)",
				);
				GCC_WARN_64_TO_32_BIT_CONVERSION = YES;
				GCC_WARN_ABOUT_RETURN_TYPE = YES_ERROR;
				GCC_WARN_UNDECLARED_SELECTOR = YES;
				GCC_WARN_UNINITIALIZED_AUTOS = YES_AGGRESSIVE;
				GCC_WARN_UNUSED_FUNCTION = YES;
				GCC_WARN_UNUSED_VARIABLE = YES;
				IPHONEOS_DEPLOYMENT_TARGET = 14.3;
				MTL_ENABLE_DEBUG_INFO = INCLUDE_SOURCE;
				MTL_FAST_MATH = YES;
				ONLY_ACTIVE_ARCH = YES;
				SDKROOT = iphoneos;
				SWIFT_ACTIVE_COMPILATION_CONDITIONS = DEBUG;
				SWIFT_OPTIMIZATION_LEVEL = "-Onone";
			};
			name = Debug;
		};
		D034A54725EB306A00F7ED27 /* Release */ = {
			isa = XCBuildConfiguration;
			buildSettings = {
				ALWAYS_SEARCH_USER_PATHS = NO;
				CLANG_ANALYZER_NONNULL = YES;
				CLANG_ANALYZER_NUMBER_OBJECT_CONVERSION = YES_AGGRESSIVE;
				CLANG_CXX_LANGUAGE_STANDARD = "gnu++14";
				CLANG_CXX_LIBRARY = "libc++";
				CLANG_ENABLE_MODULES = YES;
				CLANG_ENABLE_OBJC_ARC = YES;
				CLANG_ENABLE_OBJC_WEAK = YES;
				CLANG_WARN_BLOCK_CAPTURE_AUTORELEASING = YES;
				CLANG_WARN_BOOL_CONVERSION = YES;
				CLANG_WARN_COMMA = YES;
				CLANG_WARN_CONSTANT_CONVERSION = YES;
				CLANG_WARN_DEPRECATED_OBJC_IMPLEMENTATIONS = YES;
				CLANG_WARN_DIRECT_OBJC_ISA_USAGE = YES_ERROR;
				CLANG_WARN_DOCUMENTATION_COMMENTS = YES;
				CLANG_WARN_EMPTY_BODY = YES;
				CLANG_WARN_ENUM_CONVERSION = YES;
				CLANG_WARN_INFINITE_RECURSION = YES;
				CLANG_WARN_INT_CONVERSION = YES;
				CLANG_WARN_NON_LITERAL_NULL_CONVERSION = YES;
				CLANG_WARN_OBJC_IMPLICIT_RETAIN_SELF = YES;
				CLANG_WARN_OBJC_LITERAL_CONVERSION = YES;
				CLANG_WARN_OBJC_ROOT_CLASS = YES_ERROR;
				CLANG_WARN_QUOTED_INCLUDE_IN_FRAMEWORK_HEADER = YES;
				CLANG_WARN_RANGE_LOOP_ANALYSIS = YES;
				CLANG_WARN_STRICT_PROTOTYPES = YES;
				CLANG_WARN_SUSPICIOUS_MOVE = YES;
				CLANG_WARN_UNGUARDED_AVAILABILITY = YES_AGGRESSIVE;
				CLANG_WARN_UNREACHABLE_CODE = YES;
				CLANG_WARN__DUPLICATE_METHOD_MATCH = YES;
				COPY_PHASE_STRIP = NO;
				DEBUG_INFORMATION_FORMAT = "dwarf-with-dsym";
				ENABLE_NS_ASSERTIONS = NO;
				ENABLE_STRICT_OBJC_MSGSEND = YES;
				GCC_C_LANGUAGE_STANDARD = gnu11;
				GCC_NO_COMMON_BLOCKS = YES;
				GCC_WARN_64_TO_32_BIT_CONVERSION = YES;
				GCC_WARN_ABOUT_RETURN_TYPE = YES_ERROR;
				GCC_WARN_UNDECLARED_SELECTOR = YES;
				GCC_WARN_UNINITIALIZED_AUTOS = YES_AGGRESSIVE;
				GCC_WARN_UNUSED_FUNCTION = YES;
				GCC_WARN_UNUSED_VARIABLE = YES;
				IPHONEOS_DEPLOYMENT_TARGET = 14.3;
				MTL_ENABLE_DEBUG_INFO = NO;
				MTL_FAST_MATH = YES;
				SDKROOT = iphoneos;
				SWIFT_COMPILATION_MODE = wholemodule;
				SWIFT_OPTIMIZATION_LEVEL = "-O";
				VALIDATE_PRODUCT = YES;
			};
			name = Release;
		};
		D034A54925EB306A00F7ED27 /* Debug */ = {
			isa = XCBuildConfiguration;
			buildSettings = {
				ASSETCATALOG_COMPILER_APPICON_NAME = AppIcon;
				ASSETCATALOG_COMPILER_GLOBAL_ACCENT_COLOR_NAME = AccentColor;
				CODE_SIGN_STYLE = Automatic;
				INFOPLIST_FILE = Leilao/Info.plist;
				LD_RUNPATH_SEARCH_PATHS = (
					"$(inherited)",
					"@executable_path/Frameworks",
				);
				PRODUCT_BUNDLE_IDENTIFIER = com.michelsantos.Leilao;
				PRODUCT_NAME = "$(TARGET_NAME)";
				SWIFT_VERSION = 5.0;
				TARGETED_DEVICE_FAMILY = "1,2";
			};
			name = Debug;
		};
		D034A54A25EB306A00F7ED27 /* Release */ = {
			isa = XCBuildConfiguration;
			buildSettings = {
				ASSETCATALOG_COMPILER_APPICON_NAME = AppIcon;
				ASSETCATALOG_COMPILER_GLOBAL_ACCENT_COLOR_NAME = AccentColor;
				CODE_SIGN_STYLE = Automatic;
				INFOPLIST_FILE = Leilao/Info.plist;
				LD_RUNPATH_SEARCH_PATHS = (
					"$(inherited)",
					"@executable_path/Frameworks",
				);
				PRODUCT_BUNDLE_IDENTIFIER = com.michelsantos.Leilao;
				PRODUCT_NAME = "$(TARGET_NAME)";
				SWIFT_VERSION = 5.0;
				TARGETED_DEVICE_FAMILY = "1,2";
			};
			name = Release;
		};
		D034A54C25EB306A00F7ED27 /* Debug */ = {
			isa = XCBuildConfiguration;
			buildSettings = {
				ALWAYS_EMBED_SWIFT_STANDARD_LIBRARIES = YES;
				BUNDLE_LOADER = "$(TEST_HOST)";
				CODE_SIGN_STYLE = Automatic;
				INFOPLIST_FILE = LeilaoTests/Info.plist;
				IPHONEOS_DEPLOYMENT_TARGET = 14.3;
				LD_RUNPATH_SEARCH_PATHS = (
					"$(inherited)",
					"@executable_path/Frameworks",
					"@loader_path/Frameworks",
				);
				PRODUCT_BUNDLE_IDENTIFIER = com.michelsantos.LeilaoTests;
				PRODUCT_NAME = "$(TARGET_NAME)";
				SWIFT_VERSION = 5.0;
				TARGETED_DEVICE_FAMILY = "1,2";
				TEST_HOST = "$(BUILT_PRODUCTS_DIR)/Leilao.app/Leilao";
			};
			name = Debug;
		};
		D034A54D25EB306A00F7ED27 /* Release */ = {
			isa = XCBuildConfiguration;
			buildSettings = {
				ALWAYS_EMBED_SWIFT_STANDARD_LIBRARIES = YES;
				BUNDLE_LOADER = "$(TEST_HOST)";
				CODE_SIGN_STYLE = Automatic;
				INFOPLIST_FILE = LeilaoTests/Info.plist;
				IPHONEOS_DEPLOYMENT_TARGET = 14.3;
				LD_RUNPATH_SEARCH_PATHS = (
					"$(inherited)",
					"@executable_path/Frameworks",
					"@loader_path/Frameworks",
				);
				PRODUCT_BUNDLE_IDENTIFIER = com.michelsantos.LeilaoTests;
				PRODUCT_NAME = "$(TARGET_NAME)";
				SWIFT_VERSION = 5.0;
				TARGETED_DEVICE_FAMILY = "1,2";
				TEST_HOST = "$(BUILT_PRODUCTS_DIR)/Leilao.app/Leilao";
			};
			name = Release;
		};
		D034A54F25EB306A00F7ED27 /* Debug */ = {
			isa = XCBuildConfiguration;
			buildSettings = {
				ALWAYS_EMBED_SWIFT_STANDARD_LIBRARIES = YES;
				CODE_SIGN_STYLE = Automatic;
				INFOPLIST_FILE = LeilaoUITests/Info.plist;
				LD_RUNPATH_SEARCH_PATHS = (
					"$(inherited)",
					"@executable_path/Frameworks",
					"@loader_path/Frameworks",
				);
				PRODUCT_BUNDLE_IDENTIFIER = com.michelsantos.LeilaoUITests;
				PRODUCT_NAME = "$(TARGET_NAME)";
				SWIFT_VERSION = 5.0;
				TARGETED_DEVICE_FAMILY = "1,2";
				TEST_TARGET_NAME = Leilao;
			};
			name = Debug;
		};
		D034A55025EB306A00F7ED27 /* Release */ = {
			isa = XCBuildConfiguration;
			buildSettings = {
				ALWAYS_EMBED_SWIFT_STANDARD_LIBRARIES = YES;
				CODE_SIGN_STYLE = Automatic;
				INFOPLIST_FILE = LeilaoUITests/Info.plist;
				LD_RUNPATH_SEARCH_PATHS = (
					"$(inherited)",
					"@executable_path/Frameworks",
					"@loader_path/Frameworks",
				);
				PRODUCT_BUNDLE_IDENTIFIER = com.michelsantos.LeilaoUITests;
				PRODUCT_NAME = "$(TARGET_NAME)";
				SWIFT_VERSION = 5.0;
				TARGETED_DEVICE_FAMILY = "1,2";
				TEST_TARGET_NAME = Leilao;
			};
			name = Release;
		};
/* End XCBuildConfiguration section */

/* Begin XCConfigurationList section */
		D034A51925EB306500F7ED27 /* Build configuration list for PBXProject "Leilao" */ = {
			isa = XCConfigurationList;
			buildConfigurations = (
				D034A54625EB306A00F7ED27 /* Debug */,
				D034A54725EB306A00F7ED27 /* Release */,
			);
			defaultConfigurationIsVisible = 0;
			defaultConfigurationName = Release;
		};
		D034A54825EB306A00F7ED27 /* Build configuration list for PBXNativeTarget "Leilao" */ = {
			isa = XCConfigurationList;
			buildConfigurations = (
				D034A54925EB306A00F7ED27 /* Debug */,
				D034A54A25EB306A00F7ED27 /* Release */,
			);
			defaultConfigurationIsVisible = 0;
			defaultConfigurationName = Release;
		};
		D034A54B25EB306A00F7ED27 /* Build configuration list for PBXNativeTarget "LeilaoTests" */ = {
			isa = XCConfigurationList;
			buildConfigurations = (
				D034A54C25EB306A00F7ED27 /* Debug */,
				D034A54D25EB306A00F7ED27 /* Release */,
			);
			defaultConfigurationIsVisible = 0;
			defaultConfigurationName = Release;
		};
		D034A54E25EB306A00F7ED27 /* Build configuration list for PBXNativeTarget "LeilaoUITests" */ = {
			isa = XCConfigurationList;
			buildConfigurations = (
				D034A54F25EB306A00F7ED27 /* Debug */,
				D034A55025EB306A00F7ED27 /* Release */,
			);
			defaultConfigurationIsVisible = 0;
			defaultConfigurationName = Release;
		};
/* End XCConfigurationList section */
	};
	rootObject = D034A51625EB306500F7ED27 /* Project object */;
}
